
Microsoft Visual Studio Solution File, Format Version 12.00
# Visual Studio Version 16
VisualStudioVersion = 16.0.30907.101
MinimumVisualStudioVersion = 10.0.40219.1
Project("{FAE04EC0-301F-11D3-BF4B-00C04F79EFBC}") = "PruebaEscritorio", "PruebaEscritorio\PruebaEscritorio.csproj", "{A3318698-B187-463F-95C8-0A47E4027CF3}"
EndProject
Global
	GlobalSection(SolutionConfigurationPlatforms) = preSolution
		Debug|Any CPU = Debug|Any CPU
		Release|Any CPU = Release|Any CPU
	EndGlobalSection
	GlobalSection(ProjectConfigurationPlatforms) = postSolution
		{A3318698-B187-463F-95C8-0A47E4027CF3}.Debug|Any CPU.ActiveCfg = Debug|Any CPU
		{A3318698-B187-463F-95C8-0A47E4027CF3}.Debug|Any CPU.Build.0 = Debug|Any CPU
		{A3318698-B187-463F-95C8-0A47E4027CF3}.Release|Any CPU.ActiveCfg = Release|Any CPU
		{A3318698-B187-463F-95C8-0A47E4027CF3}.Release|Any CPU.Build.0 = Release|Any CPU
	EndGlobalSection
	GlobalSection(SolutionProperties) = preSolution
		HideSolutionNode = FALSE
	EndGlobalSection
	GlobalSection(ExtensibilityGlobals) = postSolution
		SolutionGuid = {05138AAF-FF05-41E6-8E6F-D997E0412A21}
	EndGlobalSection
EndGlobal
